
Microsoft Visual Studio Solution File, Format Version 12.00
# Visual Studio Version 17
VisualStudioVersion = 17.11.35312.102
MinimumVisualStudioVersion = 10.0.40219.1
Project("{9A19103F-16F7-4668-BE54-9A1E7A4F7556}") = "KoiServiceCenter.WebApp", "KoiServiceCenter.WebApp\KoiServiceCenter.WebApp.csproj", "{DAEFDB26-0160-465E-A3F9-9C5EB24D7D76}"
EndProject
Project("{9A19103F-16F7-4668-BE54-9A1E7A4F7556}") = "KoiFishServiceCenter.Repositories", "KoiFishServiceCenter.Repositories\KoiFishServiceCenter.Repositories.csproj", "{D5DD848A-D66A-4BC4-AD6D-9008CE484B8A}"
EndProject
Project("{9A19103F-16F7-4668-BE54-9A1E7A4F7556}") = "KoiFishServiceCenter.Services", "KoiFishServiceCenter.Services\KoiFishServiceCenter.Services.csproj", "{CC05AF18-4403-4FCB-9237-EFDC2548E5BA}"
EndProject
Project("{9A19103F-16F7-4668-BE54-9A1E7A4F7556}") = "TestAdmin", "UnitTest\TestAdmin.csproj", "{B48291AB-37A6-48A7-9D6E-73B7FA9E790D}"
EndProject
Project("{FAE04EC0-301F-11D3-BF4B-00C04F79EFBC}") = "TestDangnhap", "TestDangnhap\TestDangnhap.csproj", "{A33D01D9-45B0-421F-A688-A07E5F87221A}"
EndProject
Global
	GlobalSection(SolutionConfigurationPlatforms) = preSolution
		Debug|Any CPU = Debug|Any CPU
		Release|Any CPU = Release|Any CPU
	EndGlobalSection
	GlobalSection(ProjectConfigurationPlatforms) = postSolution
		{DAEFDB26-0160-465E-A3F9-9C5EB24D7D76}.Debug|Any CPU.ActiveCfg = Debug|Any CPU
		{DAEFDB26-0160-465E-A3F9-9C5EB24D7D76}.Debug|Any CPU.Build.0 = Debug|Any CPU
		{DAEFDB26-0160-465E-A3F9-9C5EB24D7D76}.Release|Any CPU.ActiveCfg = Release|Any CPU
		{DAEFDB26-0160-465E-A3F9-9C5EB24D7D76}.Release|Any CPU.Build.0 = Release|Any CPU
		{D5DD848A-D66A-4BC4-AD6D-9008CE484B8A}.Debug|Any CPU.ActiveCfg = Debug|Any CPU
		{D5DD848A-D66A-4BC4-AD6D-9008CE484B8A}.Debug|Any CPU.Build.0 = Debug|Any CPU
		{D5DD848A-D66A-4BC4-AD6D-9008CE484B8A}.Release|Any CPU.ActiveCfg = Release|Any CPU
		{D5DD848A-D66A-4BC4-AD6D-9008CE484B8A}.Release|Any CPU.Build.0 = Release|Any CPU
		{CC05AF18-4403-4FCB-9237-EFDC2548E5BA}.Debug|Any CPU.ActiveCfg = Debug|Any CPU
		{CC05AF18-4403-4FCB-9237-EFDC2548E5BA}.Debug|Any CPU.Build.0 = Debug|Any CPU
		{CC05AF18-4403-4FCB-9237-EFDC2548E5BA}.Release|Any CPU.ActiveCfg = Release|Any CPU
		{CC05AF18-4403-4FCB-9237-EFDC2548E5BA}.Release|Any CPU.Build.0 = Release|Any CPU
		{B48291AB-37A6-48A7-9D6E-73B7FA9E790D}.Debug|Any CPU.ActiveCfg = Debug|Any CPU
		{B48291AB-37A6-48A7-9D6E-73B7FA9E790D}.Debug|Any CPU.Build.0 = Debug|Any CPU
		{B48291AB-37A6-48A7-9D6E-73B7FA9E790D}.Release|Any CPU.ActiveCfg = Release|Any CPU
		{B48291AB-37A6-48A7-9D6E-73B7FA9E790D}.Release|Any CPU.Build.0 = Release|Any CPU
		{A33D01D9-45B0-421F-A688-A07E5F87221A}.Debug|Any CPU.ActiveCfg = Debug|Any CPU
		{A33D01D9-45B0-421F-A688-A07E5F87221A}.Debug|Any CPU.Build.0 = Debug|Any CPU
		{A33D01D9-45B0-421F-A688-A07E5F87221A}.Release|Any CPU.ActiveCfg = Release|Any CPU
		{A33D01D9-45B0-421F-A688-A07E5F87221A}.Release|Any CPU.Build.0 = Release|Any CPU
	EndGlobalSection
	GlobalSection(SolutionProperties) = preSolution
		HideSolutionNode = FALSE
	EndGlobalSection
	GlobalSection(ExtensibilityGlobals) = postSolution
		SolutionGuid = {98978284-DB3B-415B-B890-FB851FD16523}
	EndGlobalSection
EndGlobal
